{
  "nodes": {
    "flake-utils": {
      "inputs": {
        "systems": "systems"
      },
      "locked": {
        "lastModified": 1681202837,
        "narHash": "sha256-H+Rh19JDwRtpVPAWp64F+rlEtxUWBAQW28eAi3SRSzg=",
        "owner": "numtide",
        "repo": "flake-utils",
        "rev": "cfacdce06f30d2b68473a46042957675eebb3401",
        "type": "github"
      },
      "original": {
        "owner": "numtide",
        "repo": "flake-utils",
        "type": "github"
      }
    },
    "libogg": {
      "inputs": {
        "libogg_src": "libogg_src",
        "nixpkgs": [
          "nixpkgs"
        ],
        "tinycmmc": [
          "tinycmmc"
        ]
      },
      "locked": {
        "lastModified": 1687870894,
        "narHash": "sha256-KPCx1LtxgvxDg1+2HTJmOsTa/4RY50LIik66MHuQJsw=",
        "owner": "grumnix",
        "repo": "libogg-win32",
        "rev": "2587403e9b7da16d4f49b749f63d21e9bc0e703e",
        "type": "github"
      },
      "original": {
        "owner": "grumnix",
        "repo": "libogg-win32",
        "type": "github"
      }
    },
    "libogg_src": {
      "flake": false,
      "locked": {
        "narHash": "sha256-L8hFWoCh2VTdlsOq+cbP1eYAnciH70xlk1eSwr8YP5c=",
        "type": "tarball",
        "url": "https://downloads.xiph.org/releases/ogg/libogg-1.3.5.tar.gz"
      },
      "original": {
        "type": "tarball",
        "url": "https://downloads.xiph.org/releases/ogg/libogg-1.3.5.tar.gz"
      }
    },
    "nixpkgs": {
      "locked": {
        "lastModified": 1687729501,
        "narHash": "sha256-mTLkMePoHUWvTCf3NuKbeYEea/tsikSIKBWwb9OfRr4=",
        "owner": "NixOS",
        "repo": "nixpkgs",
        "rev": "35130d4b4f0b8c50ed2aceb909a538c66c91d4a0",
        "type": "github"
      },
      "original": {
        "owner": "NixOS",
        "ref": "nixos-23.05",
        "repo": "nixpkgs",
        "type": "github"
      }
    },
    "opus": {
      "inputs": {
        "nixpkgs": [
          "nixpkgs"
        ],
        "opus_src": "opus_src",
        "tinycmmc": [
          "tinycmmc"
        ]
      },
      "locked": {
        "lastModified": 1660923895,
        "narHash": "sha256-6y5gWCTzoSb0BGsK+If79hoxV/4TFKmQ39aRsz1QL0E=",
        "owner": "grumnix",
        "repo": "opus-win32",
        "rev": "c2ee58f8908bcc677ed854c548d3f662293e1cac",
        "type": "github"
      },
      "original": {
        "owner": "grumnix",
        "repo": "opus-win32",
        "type": "github"
      }
    },
    "opus_src": {
      "flake": false,
      "locked": {
        "narHash": "sha256-VyHmKoRXCJ0shVfUn6cX13b0fAXIQk0Z5NLZIfy8Gh4=",
        "type": "tarball",
        "url": "https://archive.mozilla.org/pub/opus/opus-1.3.1.tar.gz"
      },
      "original": {
        "type": "tarball",
        "url": "https://archive.mozilla.org/pub/opus/opus-1.3.1.tar.gz"
      }
    },
    "opusfile_src": {
      "flake": false,
      "locked": {
        "narHash": "sha256-UEoOyY9DM5lINTAHIfSRK5+o622pIK2ObQ00swIcM40=",
        "type": "tarball",
        "url": "https://downloads.xiph.org/releases/opus/opusfile-0.12.tar.gz"
      },
      "original": {
        "type": "tarball",
        "url": "https://downloads.xiph.org/releases/opus/opusfile-0.12.tar.gz"
      }
    },
    "root": {
      "inputs": {
        "libogg": "libogg",
        "nixpkgs": "nixpkgs",
        "opus": "opus",
        "opusfile_src": "opusfile_src",
        "tinycmmc": "tinycmmc"
      }
    },
    "systems": {
      "locked": {
        "lastModified": 1681028828,
        "narHash": "sha256-Vy1rq5AaRuLzOxct8nz4T6wlgyUR7zLU309k9mBC768=",
        "owner": "nix-systems",
        "repo": "default",
        "rev": "da67096a3b9bf56a91d16901293e51ba5b49a27e",
        "type": "github"
      },
      "original": {
        "owner": "nix-systems",
        "repo": "default",
        "type": "github"
      }
    },
    "tinycmmc": {
      "inputs": {
        "flake-utils": "flake-utils",
        "nixpkgs": [
          "nixpkgs"
        ]
      },
      "locked": {
        "lastModified": 1684952066,
        "narHash": "sha256-yS8/+TOL2OA7f/RQs1Zr20mmlPFIVvFOgWShLAQvH8w=",
        "owner": "grumbel",
        "repo": "tinycmmc",
        "rev": "01fe277570a290837726de6eb3c16d617bfda28c",
        "type": "github"
      },
      "original": {
        "owner": "grumbel",
        "repo": "tinycmmc",
        "type": "github"
      }
    }
  },
  "root": "root",
  "version": 7
}
